
Microsoft Visual Studio Solution File, Format Version 12.00
# Visual Studio Version 17
VisualStudioVersion = 17.11.35312.102
MinimumVisualStudioVersion = 10.0.40219.1
Project("{9A19103F-16F7-4668-BE54-9A1E7A4F7556}") = "ChatWebSocketServer", "ChatWebSocketServer.csproj", "{345AB7D7-2DDF-4E8B-8D56-D9591401FCEE}"
EndProject
Global
	GlobalSection(SolutionConfigurationPlatforms) = preSolution
		Debug|Any CPU = Debug|Any CPU
		Release|Any CPU = Release|Any CPU
	EndGlobalSection
	GlobalSection(ProjectConfigurationPlatforms) = postSolution
		{345AB7D7-2DDF-4E8B-8D56-D9591401FCEE}.Debug|Any CPU.ActiveCfg = Debug|Any CPU
		{345AB7D7-2DDF-4E8B-8D56-D9591401FCEE}.Debug|Any CPU.Build.0 = Debug|Any CPU
		{345AB7D7-2DDF-4E8B-8D56-D9591401FCEE}.Release|Any CPU.ActiveCfg = Release|Any CPU
		{345AB7D7-2DDF-4E8B-8D56-D9591401FCEE}.Release|Any CPU.Build.0 = Release|Any CPU
	EndGlobalSection
	GlobalSection(SolutionProperties) = preSolution
		HideSolutionNode = FALSE
	EndGlobalSection
	GlobalSection(ExtensibilityGlobals) = postSolution
		SolutionGuid = {D7F86353-6ED2-4976-A2DD-C1FE53EE5A70}
	EndGlobalSection
EndGlobal
